
Microsoft Visual Studio Solution File, Format Version 12.00
# Visual Studio Version 16
VisualStudioVersion = 16.0.31729.503
MinimumVisualStudioVersion = 10.0.40219.1
Project("{FAE04EC0-301F-11D3-BF4B-00C04F79EFBC}") = "Koleksiyonlar1", "Koleksiyonlar1\Koleksiyonlar1.csproj", "{63007249-944C-43A9-9016-D539F5EA84AF}"
EndProject
Project("{FAE04EC0-301F-11D3-BF4B-00C04F79EFBC}") = "GenericsIntro", "GenericsIntro\GenericsIntro.csproj", "{45AD6C34-A595-4890-A4FD-4AF9920A5FA2}"
EndProject
Global
	GlobalSection(SolutionConfigurationPlatforms) = preSolution
		Debug|Any CPU = Debug|Any CPU
		Release|Any CPU = Release|Any CPU
	EndGlobalSection
	GlobalSection(ProjectConfigurationPlatforms) = postSolution
		{63007249-944C-43A9-9016-D539F5EA84AF}.Debug|Any CPU.ActiveCfg = Debug|Any CPU
		{63007249-944C-43A9-9016-D539F5EA84AF}.Debug|Any CPU.Build.0 = Debug|Any CPU
		{63007249-944C-43A9-9016-D539F5EA84AF}.Release|Any CPU.ActiveCfg = Release|Any CPU
		{63007249-944C-43A9-9016-D539F5EA84AF}.Release|Any CPU.Build.0 = Release|Any CPU
		{45AD6C34-A595-4890-A4FD-4AF9920A5FA2}.Debug|Any CPU.ActiveCfg = Debug|Any CPU
		{45AD6C34-A595-4890-A4FD-4AF9920A5FA2}.Debug|Any CPU.Build.0 = Debug|Any CPU
		{45AD6C34-A595-4890-A4FD-4AF9920A5FA2}.Release|Any CPU.ActiveCfg = Release|Any CPU
		{45AD6C34-A595-4890-A4FD-4AF9920A5FA2}.Release|Any CPU.Build.0 = Release|Any CPU
	EndGlobalSection
	GlobalSection(SolutionProperties) = preSolution
		HideSolutionNode = FALSE
	EndGlobalSection
	GlobalSection(ExtensibilityGlobals) = postSolution
		SolutionGuid = {87CFE069-F3D0-4E2E-9C76-87CE3AA921C4}
	EndGlobalSection
EndGlobal
